
Microsoft Visual Studio Solution File, Format Version 12.00
# Visual Studio Version 17
VisualStudioVersion = 17.7.34031.279
MinimumVisualStudioVersion = 10.0.40219.1
Project("{FAE04EC0-301F-11D3-BF4B-00C04F79EFBC}") = "Sistema_Tec_Web_API", "Sistema-Tec-Web-API\Sistema_Tec_Web_API.csproj", "{0F761172-A380-4D94-9C77-DFE871A7495F}"
EndProject
Global
	GlobalSection(SolutionConfigurationPlatforms) = preSolution
		Debug|Any CPU = Debug|Any CPU
		Release|Any CPU = Release|Any CPU
	EndGlobalSection
	GlobalSection(ProjectConfigurationPlatforms) = postSolution
		{0F761172-A380-4D94-9C77-DFE871A7495F}.Debug|Any CPU.ActiveCfg = Debug|Any CPU
		{0F761172-A380-4D94-9C77-DFE871A7495F}.Debug|Any CPU.Build.0 = Debug|Any CPU
		{0F761172-A380-4D94-9C77-DFE871A7495F}.Release|Any CPU.ActiveCfg = Release|Any CPU
		{0F761172-A380-4D94-9C77-DFE871A7495F}.Release|Any CPU.Build.0 = Release|Any CPU
	EndGlobalSection
	GlobalSection(SolutionProperties) = preSolution
		HideSolutionNode = FALSE
	EndGlobalSection
	GlobalSection(ExtensibilityGlobals) = postSolution
		SolutionGuid = {79084D6C-FCB9-4CAF-A625-7BEA03594E0A}
	EndGlobalSection
EndGlobal
